
Microsoft Visual Studio Solution File, Format Version 12.00
# Visual Studio Version 16
VisualStudioVersion = 16.0.31410.357
MinimumVisualStudioVersion = 10.0.40219.1
Project("{FAE04EC0-301F-11D3-BF4B-00C04F79EFBC}") = "HelloWPFApp", "HelloWPFApp\HelloWPFApp.csproj", "{5F56077A-81B0-4329-9072-155785135B0F}"
EndProject
Global
	GlobalSection(SolutionConfigurationPlatforms) = preSolution
		Debug|Any CPU = Debug|Any CPU
		Release|Any CPU = Release|Any CPU
	EndGlobalSection
	GlobalSection(ProjectConfigurationPlatforms) = postSolution
		{5F56077A-81B0-4329-9072-155785135B0F}.Debug|Any CPU.ActiveCfg = Debug|Any CPU
		{5F56077A-81B0-4329-9072-155785135B0F}.Debug|Any CPU.Build.0 = Debug|Any CPU
		{5F56077A-81B0-4329-9072-155785135B0F}.Release|Any CPU.ActiveCfg = Release|Any CPU
		{5F56077A-81B0-4329-9072-155785135B0F}.Release|Any CPU.Build.0 = Release|Any CPU
	EndGlobalSection
	GlobalSection(SolutionProperties) = preSolution
		HideSolutionNode = FALSE
	EndGlobalSection
	GlobalSection(ExtensibilityGlobals) = postSolution
		SolutionGuid = {930F88E9-E06C-4FD7-A4B9-060E4FF25E8E}
	EndGlobalSection
EndGlobal
